
Microsoft Visual Studio Solution File, Format Version 12.00
# Visual Studio 14
VisualStudioVersion = 14.0.25420.1
MinimumVisualStudioVersion = 10.0.40219.1
Project("{FAE04EC0-301F-11D3-BF4B-00C04F79EFBC}") = "Groupware.AdventureWorks.Demo", "WebApplication1\Groupware.AdventureWorks.Demo.csproj", "{1D98042B-3844-4D1F-B9EE-F5888C44D9C4}"
EndProject
Project("{FAE04EC0-301F-11D3-BF4B-00C04F79EFBC}") = "Groupware.AdventureWorks.Model1", "Groupware.AdventureWorks.Model1\Groupware.AdventureWorks.Model1.csproj", "{1A4D448B-D180-4063-86CE-E3F79DA93E5D}"
EndProject
Project("{FAE04EC0-301F-11D3-BF4B-00C04F79EFBC}") = "Groupware.AdventureWorks.BL", "Groupware.AdventureWorks.BL\Groupware.AdventureWorks.BL.csproj", "{02B09C76-D846-4577-B338-B3368A3E2C48}"
EndProject
Global
	GlobalSection(SolutionConfigurationPlatforms) = preSolution
		Debug|Any CPU = Debug|Any CPU
		Release|Any CPU = Release|Any CPU
	EndGlobalSection
	GlobalSection(ProjectConfigurationPlatforms) = postSolution
		{1D98042B-3844-4D1F-B9EE-F5888C44D9C4}.Debug|Any CPU.ActiveCfg = Debug|Any CPU
		{1D98042B-3844-4D1F-B9EE-F5888C44D9C4}.Debug|Any CPU.Build.0 = Debug|Any CPU
		{1D98042B-3844-4D1F-B9EE-F5888C44D9C4}.Release|Any CPU.ActiveCfg = Release|Any CPU
		{1D98042B-3844-4D1F-B9EE-F5888C44D9C4}.Release|Any CPU.Build.0 = Release|Any CPU
		{1A4D448B-D180-4063-86CE-E3F79DA93E5D}.Debug|Any CPU.ActiveCfg = Debug|Any CPU
		{1A4D448B-D180-4063-86CE-E3F79DA93E5D}.Debug|Any CPU.Build.0 = Debug|Any CPU
		{1A4D448B-D180-4063-86CE-E3F79DA93E5D}.Release|Any CPU.ActiveCfg = Release|Any CPU
		{1A4D448B-D180-4063-86CE-E3F79DA93E5D}.Release|Any CPU.Build.0 = Release|Any CPU
		{02B09C76-D846-4577-B338-B3368A3E2C48}.Debug|Any CPU.ActiveCfg = Debug|Any CPU
		{02B09C76-D846-4577-B338-B3368A3E2C48}.Debug|Any CPU.Build.0 = Debug|Any CPU
		{02B09C76-D846-4577-B338-B3368A3E2C48}.Release|Any CPU.ActiveCfg = Release|Any CPU
		{02B09C76-D846-4577-B338-B3368A3E2C48}.Release|Any CPU.Build.0 = Release|Any CPU
	EndGlobalSection
	GlobalSection(SolutionProperties) = preSolution
		HideSolutionNode = FALSE
	EndGlobalSection
EndGlobal
